// !$*UTF8*$!
{
	archiveVersion = 1;
	classes = {
	};
	objectVersion = 46;
	objects = {

/* Begin PBXBuildFile section */
		EB2DA10F1621E46F0063FA0D /* Chat.m in Sources */ = {isa = PBXBuildFile; fileRef = EB2DA10E1621E46F0063FA0D /* Chat.m */; };
		EB5D5D2A160EA54500BCCC6F /* ChumrollViewController.m in Sources */ = {isa = PBXBuildFile; fileRef = EB5D5D29160EA54500BCCC6F /* ChumrollViewController.m */; };
		EB5D5D33160EA9F300BCCC6F /* PesterlistViewController.m in Sources */ = {isa = PBXBuildFile; fileRef = EB5D5D32160EA9F300BCCC6F /* PesterlistViewController.m */; };
		EB85FBF71623127E00612A5D /* MemoViewController.m in Sources */ = {isa = PBXBuildFile; fileRef = EB85FBF61623127E00612A5D /* MemoViewController.m */; };
		EB85FBFB1623366A00612A5D /* PesterUserViewController.m in Sources */ = {isa = PBXBuildFile; fileRef = EB85FBFA1623366A00612A5D /* PesterUserViewController.m */; };
		F34BFB3A162B99C3007FD144 /* ChatMenuViewController.m in Sources */ = {isa = PBXBuildFile; fileRef = F34BFB39162B99C3007FD144 /* ChatMenuViewController.m */; };
		F39AAD3B160D2129009170B2 /* UIKit.framework in Frameworks */ = {isa = PBXBuildFile; fileRef = F39AAD3A160D2129009170B2 /* UIKit.framework */; };
		F39AAD3D160D2129009170B2 /* Foundation.framework in Frameworks */ = {isa = PBXBuildFile; fileRef = F39AAD3C160D2129009170B2 /* Foundation.framework */; };
		F39AAD3F160D2129009170B2 /* CoreGraphics.framework in Frameworks */ = {isa = PBXBuildFile; fileRef = F39AAD3E160D2129009170B2 /* CoreGraphics.framework */; };
		F39AAD60160D2165009170B2 /* PesterphoneAppDelegate.m in Sources */ = {isa = PBXBuildFile; fileRef = F39AAD58160D2165009170B2 /* PesterphoneAppDelegate.m */; };
		F39AAD61160D2165009170B2 /* IRCConnection.m in Sources */ = {isa = PBXBuildFile; fileRef = F39AAD5A160D2165009170B2 /* IRCConnection.m */; };
		F39AAD62160D2165009170B2 /* MainStoryboard.storyboard in Resources */ = {isa = PBXBuildFile; fileRef = F39AAD5B160D2165009170B2 /* MainStoryboard.storyboard */; };
		F39AAD63160D2165009170B2 /* LoginViewController.m in Sources */ = {isa = PBXBuildFile; fileRef = F39AAD5D160D2165009170B2 /* LoginViewController.m */; };
		F39AAD64160D2165009170B2 /* ChatViewController.m in Sources */ = {isa = PBXBuildFile; fileRef = F39AAD5F160D2165009170B2 /* ChatViewController.m */; };
		F39AAD6A160D21BF009170B2 /* InfoPlist.strings in Resources */ = {isa = PBXBuildFile; fileRef = F39AAD66160D21BF009170B2 /* InfoPlist.strings */; };
		F39AAD6B160D21BF009170B2 /* main.m in Sources */ = {isa = PBXBuildFile; fileRef = F39AAD67160D21BF009170B2 /* main.m */; };
/* End PBXBuildFile section */

/* Begin PBXFileReference section */
		EB2DA10D1621E46F0063FA0D /* Chat.h */ = {isa = PBXFileReference; fileEncoding = 4; lastKnownFileType = sourcecode.c.h; path = Chat.h; sourceTree = SOURCE_ROOT; };
		EB2DA10E1621E46F0063FA0D /* Chat.m */ = {isa = PBXFileReference; fileEncoding = 4; lastKnownFileType = sourcecode.c.objc; path = Chat.m; sourceTree = SOURCE_ROOT; };
		EB5D5D28160EA54500BCCC6F /* ChumrollViewController.h */ = {isa = PBXFileReference; fileEncoding = 4; lastKnownFileType = sourcecode.c.h; path = ChumrollViewController.h; sourceTree = SOURCE_ROOT; };
		EB5D5D29160EA54500BCCC6F /* ChumrollViewController.m */ = {isa = PBXFileReference; fileEncoding = 4; lastKnownFileType = sourcecode.c.objc; path = ChumrollViewController.m; sourceTree = SOURCE_ROOT; };
		EB5D5D31160EA9F300BCCC6F /* PesterlistViewController.h */ = {isa = PBXFileReference; fileEncoding = 4; lastKnownFileType = sourcecode.c.h; path = PesterlistViewController.h; sourceTree = SOURCE_ROOT; };
		EB5D5D32160EA9F300BCCC6F /* PesterlistViewController.m */ = {isa = PBXFileReference; fileEncoding = 4; lastKnownFileType = sourcecode.c.objc; path = PesterlistViewController.m; sourceTree = SOURCE_ROOT; };
		EB85FBF51623127E00612A5D /* MemoViewController.h */ = {isa = PBXFileReference; fileEncoding = 4; lastKnownFileType = sourcecode.c.h; path = MemoViewController.h; sourceTree = SOURCE_ROOT; };
		EB85FBF61623127E00612A5D /* MemoViewController.m */ = {isa = PBXFileReference; fileEncoding = 4; lastKnownFileType = sourcecode.c.objc; path = MemoViewController.m; sourceTree = SOURCE_ROOT; };
		EB85FBF91623366A00612A5D /* PesterUserViewController.h */ = {isa = PBXFileReference; fileEncoding = 4; lastKnownFileType = sourcecode.c.h; path = PesterUserViewController.h; sourceTree = SOURCE_ROOT; };
		EB85FBFA1623366A00612A5D /* PesterUserViewController.m */ = {isa = PBXFileReference; fileEncoding = 4; lastKnownFileType = sourcecode.c.objc; path = PesterUserViewController.m; sourceTree = SOURCE_ROOT; };
		F34BFB38162B99C3007FD144 /* ChatMenuViewController.h */ = {isa = PBXFileReference; fileEncoding = 4; lastKnownFileType = sourcecode.c.h; path = ChatMenuViewController.h; sourceTree = SOURCE_ROOT; };
		F34BFB39162B99C3007FD144 /* ChatMenuViewController.m */ = {isa = PBXFileReference; fileEncoding = 4; lastKnownFileType = sourcecode.c.objc; path = ChatMenuViewController.m; sourceTree = SOURCE_ROOT; };
		F39AAD36160D2128009170B2 /* Pesterchum.app */ = {isa = PBXFileReference; explicitFileType = wrapper.application; includeInIndex = 0; path = Pesterchum.app; sourceTree = BUILT_PRODUCTS_DIR; };
		F39AAD3A160D2129009170B2 /* UIKit.framework */ = {isa = PBXFileReference; lastKnownFileType = wrapper.framework; name = UIKit.framework; path = System/Library/Frameworks/UIKit.framework; sourceTree = SDKROOT; };
		F39AAD3C160D2129009170B2 /* Foundation.framework */ = {isa = PBXFileReference; lastKnownFileType = wrapper.framework; name = Foundation.framework; path = System/Library/Frameworks/Foundation.framework; sourceTree = SDKROOT; };
		F39AAD3E160D2129009170B2 /* CoreGraphics.framework */ = {isa = PBXFileReference; lastKnownFileType = wrapper.framework; name = CoreGraphics.framework; path = System/Library/Frameworks/CoreGraphics.framework; sourceTree = SDKROOT; };
		F39AAD57160D2165009170B2 /* PesterphoneAppDelegate.h */ = {isa = PBXFileReference; fileEncoding = 4; lastKnownFileType = sourcecode.c.h; name = PesterphoneAppDelegate.h; path = ../PesterphoneAppDelegate.h; sourceTree = "<group>"; };
		F39AAD58160D2165009170B2 /* PesterphoneAppDelegate.m */ = {isa = PBXFileReference; fileEncoding = 4; lastKnownFileType = sourcecode.c.objc; name = PesterphoneAppDelegate.m; path = ../PesterphoneAppDelegate.m; sourceTree = "<group>"; };
		F39AAD59160D2165009170B2 /* IRCConnection.h */ = {isa = PBXFileReference; fileEncoding = 4; lastKnownFileType = sourcecode.c.h; name = IRCConnection.h; path = ../IRCConnection.h; sourceTree = "<group>"; };
		F39AAD5A160D2165009170B2 /* IRCConnection.m */ = {isa = PBXFileReference; fileEncoding = 4; lastKnownFileType = sourcecode.c.objc; name = IRCConnection.m; path = ../IRCConnection.m; sourceTree = "<group>"; };
		F39AAD5B160D2165009170B2 /* MainStoryboard.storyboard */ = {isa = PBXFileReference; fileEncoding = 4; lastKnownFileType = file.storyboard; name = MainStoryboard.storyboard; path = ../MainStoryboard.storyboard; sourceTree = "<group>"; };
		F39AAD5C160D2165009170B2 /* LoginViewController.h */ = {isa = PBXFileReference; fileEncoding = 4; lastKnownFileType = sourcecode.c.h; name = LoginViewController.h; path = ../LoginViewController.h; sourceTree = "<group>"; };
		F39AAD5D160D2165009170B2 /* LoginViewController.m */ = {isa = PBXFileReference; fileEncoding = 4; lastKnownFileType = sourcecode.c.objc; name = LoginViewController.m; path = ../LoginViewController.m; sourceTree = "<group>"; };
		F39AAD5E160D2165009170B2 /* ChatViewController.h */ = {isa = PBXFileReference; fileEncoding = 4; lastKnownFileType = sourcecode.c.h; name = ChatViewController.h; path = ../ChatViewController.h; sourceTree = "<group>"; };
		F39AAD5F160D2165009170B2 /* ChatViewController.m */ = {isa = PBXFileReference; fileEncoding = 4; lastKnownFileType = sourcecode.c.objc; name = ChatViewController.m; path = ../ChatViewController.m; sourceTree = "<group>"; };
		F39AAD65160D21BF009170B2 /* Pesterchum-Info.plist */ = {isa = PBXFileReference; fileEncoding = 4; lastKnownFileType = text.plist.xml; path = "Pesterchum-Info.plist"; sourceTree = "<group>"; };
		F39AAD66160D21BF009170B2 /* InfoPlist.strings */ = {isa = PBXFileReference; fileEncoding = 4; lastKnownFileType = text.plist.strings; path = InfoPlist.strings; sourceTree = "<group>"; };
		F39AAD67160D21BF009170B2 /* main.m */ = {isa = PBXFileReference; fileEncoding = 4; lastKnownFileType = sourcecode.c.objc; path = main.m; sourceTree = "<group>"; };
		F39AAD68160D21BF009170B2 /* Pesterchum-Prefix.pch */ = {isa = PBXFileReference; fileEncoding = 4; lastKnownFileType = sourcecode.c.h; path = "Pesterchum-Prefix.pch"; sourceTree = "<group>"; };
/* End PBXFileReference section */

/* Begin PBXFrameworksBuildPhase section */
		F39AAD33160D2128009170B2 /* Frameworks */ = {
			isa = PBXFrameworksBuildPhase;
			buildActionMask = 2147483647;
			files = (
				F39AAD3B160D2129009170B2 /* UIKit.framework in Frameworks */,
				F39AAD3D160D2129009170B2 /* Foundation.framework in Frameworks */,
				F39AAD3F160D2129009170B2 /* CoreGraphics.framework in Frameworks */,
			);
			runOnlyForDeploymentPostprocessing = 0;
		};
/* End PBXFrameworksBuildPhase section */

/* Begin PBXGroup section */
		F39AAD2B160D2128009170B2 = {
			isa = PBXGroup;
			children = (
				F39AAD40160D2129009170B2 /* Pesterchum */,
				F39AAD39160D2129009170B2 /* Frameworks */,
				F39AAD37160D2129009170B2 /* Products */,
			);
			sourceTree = "<group>";
		};
		F39AAD37160D2129009170B2 /* Products */ = {
			isa = PBXGroup;
			children = (
				F39AAD36160D2128009170B2 /* Pesterchum.app */,
			);
			name = Products;
			sourceTree = "<group>";
		};
		F39AAD39160D2129009170B2 /* Frameworks */ = {
			isa = PBXGroup;
			children = (
				F39AAD3A160D2129009170B2 /* UIKit.framework */,
				F39AAD3C160D2129009170B2 /* Foundation.framework */,
				F39AAD3E160D2129009170B2 /* CoreGraphics.framework */,
			);
			name = Frameworks;
			sourceTree = "<group>";
		};
		F39AAD40160D2129009170B2 /* Pesterchum */ = {
			isa = PBXGroup;
			children = (
				F39AAD57160D2165009170B2 /* PesterphoneAppDelegate.h */,
				F39AAD58160D2165009170B2 /* PesterphoneAppDelegate.m */,
				EB2DA10D1621E46F0063FA0D /* Chat.h */,
				EB2DA10E1621E46F0063FA0D /* Chat.m */,
				F39AAD59160D2165009170B2 /* IRCConnection.h */,
				F39AAD5A160D2165009170B2 /* IRCConnection.m */,
				F39AAD5B160D2165009170B2 /* MainStoryboard.storyboard */,
				F39AAD5C160D2165009170B2 /* LoginViewController.h */,
				F39AAD5D160D2165009170B2 /* LoginViewController.m */,
				F39AAD5E160D2165009170B2 /* ChatViewController.h */,
				F39AAD5F160D2165009170B2 /* ChatViewController.m */,
				F34BFB38162B99C3007FD144 /* ChatMenuViewController.h */,
				F34BFB39162B99C3007FD144 /* ChatMenuViewController.m */,
				EB5D5D28160EA54500BCCC6F /* ChumrollViewController.h */,
				EB5D5D29160EA54500BCCC6F /* ChumrollViewController.m */,
				EB5D5D31160EA9F300BCCC6F /* PesterlistViewController.h */,
				EB5D5D32160EA9F300BCCC6F /* PesterlistViewController.m */,
				EB85FBF51623127E00612A5D /* MemoViewController.h */,
				EB85FBF61623127E00612A5D /* MemoViewController.m */,
				EB85FBF91623366A00612A5D /* PesterUserViewController.h */,
				EB85FBFA1623366A00612A5D /* PesterUserViewController.m */,
				F39AAD41160D2129009170B2 /* Supporting Files */,
			);
			path = Pesterchum;
			sourceTree = "<group>";
		};
		F39AAD41160D2129009170B2 /* Supporting Files */ = {
			isa = PBXGroup;
			children = (
				F39AAD65160D21BF009170B2 /* Pesterchum-Info.plist */,
				F39AAD66160D21BF009170B2 /* InfoPlist.strings */,
				F39AAD67160D21BF009170B2 /* main.m */,
				F39AAD68160D21BF009170B2 /* Pesterchum-Prefix.pch */,
			);
			name = "Supporting Files";
			sourceTree = "<group>";
		};
/* End PBXGroup section */

/* Begin PBXNativeTarget section */
		F39AAD35160D2128009170B2 /* Pesterchum */ = {
			isa = PBXNativeTarget;
			buildConfigurationList = F39AAD54160D2129009170B2 /* Build configuration list for PBXNativeTarget "Pesterchum" */;
			buildPhases = (
				F39AAD32160D2128009170B2 /* Sources */,
				F39AAD33160D2128009170B2 /* Frameworks */,
				F39AAD34160D2128009170B2 /* Resources */,
			);
			buildRules = (
			);
			dependencies = (
			);
			name = Pesterchum;
			productName = Pesterchum;
			productReference = F39AAD36160D2128009170B2 /* Pesterchum.app */;
			productType = "com.apple.product-type.application";
		};
/* End PBXNativeTarget section */

/* Begin PBXProject section */
		F39AAD2D160D2128009170B2 /* Project object */ = {
			isa = PBXProject;
			attributes = {
				CLASSPREFIX = MAC;
				LastUpgradeCheck = 0440;
				ORGANIZATIONNAME = "Systech Studio";
			};
			buildConfigurationList = F39AAD30160D2128009170B2 /* Build configuration list for PBXProject "Pesterchum" */;
			compatibilityVersion = "Xcode 3.2";
			developmentRegion = English;
			hasScannedForEncodings = 0;
			knownRegions = (
				en,
			);
			mainGroup = F39AAD2B160D2128009170B2;
			productRefGroup = F39AAD37160D2129009170B2 /* Products */;
			projectDirPath = "";
			projectRoot = "";
			targets = (
				F39AAD35160D2128009170B2 /* Pesterchum */,
			);
		};
/* End PBXProject section */

/* Begin PBXResourcesBuildPhase section */
		F39AAD34160D2128009170B2 /* Resources */ = {
			isa = PBXResourcesBuildPhase;
			buildActionMask = 2147483647;
			files = (
				F39AAD62160D2165009170B2 /* MainStoryboard.storyboard in Resources */,
				F39AAD6A160D21BF009170B2 /* InfoPlist.strings in Resources */,
			);
			runOnlyForDeploymentPostprocessing = 0;
		};
/* End PBXResourcesBuildPhase section */

/* Begin PBXSourcesBuildPhase section */
		F39AAD32160D2128009170B2 /* Sources */ = {
			isa = PBXSourcesBuildPhase;
			buildActionMask = 2147483647;
			files = (
				F39AAD60160D2165009170B2 /* PesterphoneAppDelegate.m in Sources */,
				F39AAD61160D2165009170B2 /* IRCConnection.m in Sources */,
				F39AAD63160D2165009170B2 /* LoginViewController.m in Sources */,
				F39AAD64160D2165009170B2 /* ChatViewController.m in Sources */,
				F39AAD6B160D21BF009170B2 /* main.m in Sources */,
				EB5D5D2A160EA54500BCCC6F /* ChumrollViewController.m in Sources */,
				EB5D5D33160EA9F300BCCC6F /* PesterlistViewController.m in Sources */,
				EB2DA10F1621E46F0063FA0D /* Chat.m in Sources */,
				EB85FBF71623127E00612A5D /* MemoViewController.m in Sources */,
				EB85FBFB1623366A00612A5D /* PesterUserViewController.m in Sources */,
				F34BFB3A162B99C3007FD144 /* ChatMenuViewController.m in Sources */,
			);
			runOnlyForDeploymentPostprocessing = 0;
		};
/* End PBXSourcesBuildPhase section */

/* Begin XCBuildConfiguration section */
		F39AAD52160D2129009170B2 /* Debug */ = {
			isa = XCBuildConfiguration;
			buildSettings = {
				ALWAYS_SEARCH_USER_PATHS = NO;
				ARCHS = "$(ARCHS_STANDARD_32_BIT)";
				CLANG_CXX_LANGUAGE_STANDARD = "gnu++0x";
				CLANG_ENABLE_OBJC_ARC = YES;
				CLANG_WARN__DUPLICATE_METHOD_MATCH = YES;
				"CODE_SIGN_IDENTITY[sdk=iphoneos*]" = "iPhone Developer";
				COPY_PHASE_STRIP = NO;
				GCC_C_LANGUAGE_STANDARD = gnu99;
				GCC_DYNAMIC_NO_PIC = NO;
				GCC_OPTIMIZATION_LEVEL = 0;
				GCC_PREPROCESSOR_DEFINITIONS = (
					"DEBUG=1",
					"$(inherited)",
				);
				GCC_SYMBOLS_PRIVATE_EXTERN = NO;
				GCC_VERSION = com.apple.compilers.llvm.clang.1_0;
				GCC_WARN_ABOUT_RETURN_TYPE = YES;
				GCC_WARN_UNINITIALIZED_AUTOS = YES;
				GCC_WARN_UNUSED_VARIABLE = YES;
				IPHONEOS_DEPLOYMENT_TARGET = 5.1;
				SDKROOT = iphoneos;
			};
			name = Debug;
		};
		F39AAD53160D2129009170B2 /* Release */ = {
			isa = XCBuildConfiguration;
			buildSettings = {
				ALWAYS_SEARCH_USER_PATHS = NO;
				ARCHS = "$(ARCHS_STANDARD_32_BIT)";
				CLANG_CXX_LANGUAGE_STANDARD = "gnu++0x";
				CLANG_ENABLE_OBJC_ARC = YES;
				CLANG_WARN__DUPLICATE_METHOD_MATCH = YES;
				"CODE_SIGN_IDENTITY[sdk=iphoneos*]" = "iPhone Developer";
				COPY_PHASE_STRIP = YES;
				GCC_C_LANGUAGE_STANDARD = gnu99;
				GCC_VERSION = com.apple.compilers.llvm.clang.1_0;
				GCC_WARN_ABOUT_RETURN_TYPE = YES;
				GCC_WARN_UNINITIALIZED_AUTOS = YES;
				GCC_WARN_UNUSED_VARIABLE = YES;
				IPHONEOS_DEPLOYMENT_TARGET = 5.1;
				OTHER_CFLAGS = "-DNS_BLOCK_ASSERTIONS=1";
				SDKROOT = iphoneos;
				VALIDATE_PRODUCT = YES;
			};
			name = Release;
		};
		F39AAD55160D2129009170B2 /* Debug */ = {
			isa = XCBuildConfiguration;
			buildSettings = {
				GCC_PRECOMPILE_PREFIX_HEADER = YES;
				GCC_PREFIX_HEADER = "Pesterchum/Pesterchum-Prefix.pch";
				INFOPLIST_FILE = "Pesterchum/Pesterchum-Info.plist";
				PRODUCT_NAME = "$(TARGET_NAME)";
				WRAPPER_EXTENSION = app;
			};
			name = Debug;
		};
		F39AAD56160D2129009170B2 /* Release */ = {
			isa = XCBuildConfiguration;
			buildSettings = {
				GCC_PRECOMPILE_PREFIX_HEADER = YES;
				GCC_PREFIX_HEADER = "Pesterchum/Pesterchum-Prefix.pch";
				INFOPLIST_FILE = "Pesterchum/Pesterchum-Info.plist";
				PRODUCT_NAME = "$(TARGET_NAME)";
				WRAPPER_EXTENSION = app;
			};
			name = Release;
		};
/* End XCBuildConfiguration section */

/* Begin XCConfigurationList section */
		F39AAD30160D2128009170B2 /* Build configuration list for PBXProject "Pesterchum" */ = {
			isa = XCConfigurationList;
			buildConfigurations = (
				F39AAD52160D2129009170B2 /* Debug */,
				F39AAD53160D2129009170B2 /* Release */,
			);
			defaultConfigurationIsVisible = 0;
			defaultConfigurationName = Release;
		};
		F39AAD54160D2129009170B2 /* Build configuration list for PBXNativeTarget "Pesterchum" */ = {
			isa = XCConfigurationList;
			buildConfigurations = (
				F39AAD55160D2129009170B2 /* Debug */,
				F39AAD56160D2129009170B2 /* Release */,
			);
			defaultConfigurationIsVisible = 0;
			defaultConfigurationName = Release;
		};
/* End XCConfigurationList section */
	};
	rootObject = F39AAD2D160D2128009170B2 /* Project object */;
}
